Microsoft Visual Studio Solution File, Format Version 9.00
# Visual Studio 2005
Project("{8BC9CEB8-8B4A-11D0-8D11-00A0C91BC942}") = "sqplus", "sqplus\sqplus.vcproj", "{F9811314-C694-49A4-BD87-BA2E7F30D358}"
EndProject
Project("{2150E333-8FDC-42A3-9474-1A3956D46DE8}") = "Solution Items", "Solution Items", "{BF283FFA-8206-4717-A5A1-BFF9BFA1A041}"
	ProjectSection(SolutionItems) = preProject
		README_SQPLUS.txt = README_SQPLUS.txt
	EndProjectSection
EndProject
Global
	GlobalSection(SolutionConfigurationPlatforms) = preSolution
		Debug - Unicode|Win32 = Debug - Unicode|Win32
		Debug|Win32 = Debug|Win32
		Release - Unicode|Win32 = Release - Unicode|Win32
		Release|Win32 = Release|Win32
	EndGlobalSection
	GlobalSection(ProjectConfigurationPlatforms) = postSolution
		{F9811314-C694-49A4-BD87-BA2E7F30D358}.Debug - Unicode|Win32.ActiveCfg = Debug - Unicode|Win32
		{F9811314-C694-49A4-BD87-BA2E7F30D358}.Debug - Unicode|Win32.Build.0 = Debug - Unicode|Win32
		{F9811314-C694-49A4-BD87-BA2E7F30D358}.Debug|Win32.ActiveCfg = Debug|Win32
		{F9811314-C694-49A4-BD87-BA2E7F30D358}.Debug|Win32.Build.0 = Debug|Win32
		{F9811314-C694-49A4-BD87-BA2E7F30D358}.Release - Unicode|Win32.ActiveCfg = Release - Unicode|Win32
		{F9811314-C694-49A4-BD87-BA2E7F30D358}.Release - Unicode|Win32.Build.0 = Release - Unicode|Win32
		{F9811314-C694-49A4-BD87-BA2E7F30D358}.Release|Win32.ActiveCfg = Release|Win32
		{F9811314-C694-49A4-BD87-BA2E7F30D358}.Release|Win32.Build.0 = Release|Win32
	EndGlobalSection
	GlobalSection(SolutionProperties) = preSolution
		HideSolutionNode = FALSE
	EndGlobalSection
EndGlobal
